{
  "originHash" : "38ddab6d2324b3b8212ae3be29fde0ded87897cecade2d6c6941808aebcb1790",
  "pins" : [
    {
      "identity" : "networkpackage",
      "kind" : "remoteSourceControl",
      "location" : "https://github.com/Tornike222/NetworkPackage.git",
      "state" : {
        "branch" : "V1.1.0",
        "revision" : "2381315b67ab34b1eecc9b4fc3b8fcbcd8437d53"
      }
    }
  ],
  "version" : 3
}
