// !$*UTF8*$!
{
	archiveVersion = 1;
	classes = {
	};
	objectVersion = 56;
	objects = {

/* Begin PBXBuildFile section */
		3B8AA3D52C1F3F9F008053C2 /* homework_38App.swift in Sources */ = {isa = PBXBuildFile; fileRef = 3B8AA3D42C1F3F9F008053C2 /* homework_38App.swift */; };
		3B8AA3D72C1F3F9F008053C2 /* ContentView.swift in Sources */ = {isa = PBXBuildFile; fileRef = 3B8AA3D62C1F3F9F008053C2 /* ContentView.swift */; };
		3B8AA3D92C1F3FA0008053C2 /* Assets.xcassets in Resources */ = {isa = PBXBuildFile; fileRef = 3B8AA3D82C1F3FA0008053C2 /* Assets.xcassets */; };
		3B8AA3DC2C1F3FA0008053C2 /* Preview Assets.xcassets in Resources */ = {isa = PBXBuildFile; fileRef = 3B8AA3DB2C1F3FA0008053C2 /* Preview Assets.xcassets */; };
		3B8AA3E32C1F3FC0008053C2 /* ViewModel.swift in Sources */ = {isa = PBXBuildFile; fileRef = 3B8AA3E22C1F3FC0008053C2 /* ViewModel.swift */; };
		3B8AA3E52C1F9836008053C2 /* Model.swift in Sources */ = {isa = PBXBuildFile; fileRef = 3B8AA3E42C1F9836008053C2 /* Model.swift */; };
		3B8AA3E72C1F9A2A008053C2 /* Networking.swift in Sources */ = {isa = PBXBuildFile; fileRef = 3B8AA3E62C1F9A2A008053C2 /* Networking.swift */; };
		3B8AA4232C2028B0008053C2 /* MainPage.swift in Sources */ = {isa = PBXBuildFile; fileRef = 3B8AA4222C2028B0008053C2 /* MainPage.swift */; };
		3B8AA4252C203C0C008053C2 /* Coordinator.swift in Sources */ = {isa = PBXBuildFile; fileRef = 3B8AA4242C203C0C008053C2 /* Coordinator.swift */; };
		3B8AA42A2C204225008053C2 /* TableViewCell.swift in Sources */ = {isa = PBXBuildFile; fileRef = 3B8AA4292C204225008053C2 /* TableViewCell.swift */; };
		3B8AA4302C2044C9008053C2 /* imageExtension.swift in Sources */ = {isa = PBXBuildFile; fileRef = 3B8AA42F2C2044C9008053C2 /* imageExtension.swift */; };
		3B8AA4322C205B3E008053C2 /* DetailsPageVC.swift in Sources */ = {isa = PBXBuildFile; fileRef = 3B8AA4312C205B3E008053C2 /* DetailsPageVC.swift */; };
		3B8AA4372C209E5B008053C2 /* SwiftChangeText.swift in Sources */ = {isa = PBXBuildFile; fileRef = 3B8AA4362C209E5B008053C2 /* SwiftChangeText.swift */; };
		3B8AA4392C20A209008053C2 /* sizeExtension.swift in Sources */ = {isa = PBXBuildFile; fileRef = 3B8AA4382C20A209008053C2 /* sizeExtension.swift */; };
		3B8AA4402C20C2AD008053C2 /* NetworkPackage in Frameworks */ = {isa = PBXBuildFile; productRef = 3B8AA43F2C20C2AD008053C2 /* NetworkPackage */; };
/* End PBXBuildFile section */

/* Begin PBXFileReference section */
		3B8AA3D12C1F3F9F008053C2 /* homework.38.app */ = {isa = PBXFileReference; explicitFileType = wrapper.application; includeInIndex = 0; path = homework.38.app; sourceTree = BUILT_PRODUCTS_DIR; };
		3B8AA3D42C1F3F9F008053C2 /* homework_38App.swift */ = {isa = PBXFileReference; lastKnownFileType = sourcecode.swift; path = homework_38App.swift; sourceTree = "<group>"; };
		3B8AA3D62C1F3F9F008053C2 /* ContentView.swift */ = {isa = PBXFileReference; lastKnownFileType = sourcecode.swift; path = ContentView.swift; sourceTree = "<group>"; };
		3B8AA3D82C1F3FA0008053C2 /* Assets.xcassets */ = {isa = PBXFileReference; lastKnownFileType = folder.assetcatalog; path = Assets.xcassets; sourceTree = "<group>"; };
		3B8AA3DB2C1F3FA0008053C2 /* Preview Assets.xcassets */ = {isa = PBXFileReference; lastKnownFileType = folder.assetcatalog; path = "Preview Assets.xcassets"; sourceTree = "<group>"; };
		3B8AA3E22C1F3FC0008053C2 /* ViewModel.swift */ = {isa = PBXFileReference; lastKnownFileType = sourcecode.swift; path = ViewModel.swift; sourceTree = "<group>"; };
		3B8AA3E42C1F9836008053C2 /* Model.swift */ = {isa = PBXFileReference; lastKnownFileType = sourcecode.swift; path = Model.swift; sourceTree = "<group>"; };
		3B8AA3E62C1F9A2A008053C2 /* Networking.swift */ = {isa = PBXFileReference; lastKnownFileType = sourcecode.swift; path = Networking.swift; sourceTree = "<group>"; };
		3B8AA4222C2028B0008053C2 /* MainPage.swift */ = {isa = PBXFileReference; lastKnownFileType = sourcecode.swift; path = MainPage.swift; sourceTree = "<group>"; };
		3B8AA4242C203C0C008053C2 /* Coordinator.swift */ = {isa = PBXFileReference; lastKnownFileType = sourcecode.swift; path = Coordinator.swift; sourceTree = "<group>"; };
		3B8AA4292C204225008053C2 /* TableViewCell.swift */ = {isa = PBXFileReference; lastKnownFileType = sourcecode.swift; path = TableViewCell.swift; sourceTree = "<group>"; };
		3B8AA42F2C2044C9008053C2 /* imageExtension.swift */ = {isa = PBXFileReference; lastKnownFileType = sourcecode.swift; path = imageExtension.swift; sourceTree = "<group>"; };
		3B8AA4312C205B3E008053C2 /* DetailsPageVC.swift */ = {isa = PBXFileReference; lastKnownFileType = sourcecode.swift; path = DetailsPageVC.swift; sourceTree = "<group>"; };
		3B8AA4362C209E5B008053C2 /* SwiftChangeText.swift */ = {isa = PBXFileReference; lastKnownFileType = sourcecode.swift; path = SwiftChangeText.swift; sourceTree = "<group>"; };
		3B8AA4382C20A209008053C2 /* sizeExtension.swift */ = {isa = PBXFileReference; lastKnownFileType = sourcecode.swift; path = sizeExtension.swift; sourceTree = "<group>"; };
/* End PBXFileReference section */

/* Begin PBXFrameworksBuildPhase section */
		3B8AA3CE2C1F3F9F008053C2 /* Frameworks */ = {
			isa = PBXFrameworksBuildPhase;
			buildActionMask = 2147483647;
			files = (
				3B8AA4402C20C2AD008053C2 /* NetworkPackage in Frameworks */,
			);
			runOnlyForDeploymentPostprocessing = 0;
		};
/* End PBXFrameworksBuildPhase section */

/* Begin PBXGroup section */
		3B8AA3C82C1F3F9F008053C2 = {
			isa = PBXGroup;
			children = (
				3B8AA3D32C1F3F9F008053C2 /* homework.38 */,
				3B8AA3D22C1F3F9F008053C2 /* Products */,
			);
			sourceTree = "<group>";
		};
		3B8AA3D22C1F3F9F008053C2 /* Products */ = {
			isa = PBXGroup;
			children = (
				3B8AA3D12C1F3F9F008053C2 /* homework.38.app */,
			);
			name = Products;
			sourceTree = "<group>";
		};
		3B8AA3D32C1F3F9F008053C2 /* homework.38 */ = {
			isa = PBXGroup;
			children = (
				3B8AA42C2C20447C008053C2 /* Network Service */,
				3B8AA42D2C20448D008053C2 /* model */,
				3B8AA3D42C1F3F9F008053C2 /* homework_38App.swift */,
				3B8AA3D62C1F3F9F008053C2 /* ContentView.swift */,
				3B8AA4332C205B43008053C2 /* DetailsPage */,
				3B8AA4262C204118008053C2 /* MainPage */,
				3B8AA42B2C204469008053C2 /* ViewModel */,
				3B8AA3D82C1F3FA0008053C2 /* Assets.xcassets */,
				3B8AA42E2C20449C008053C2 /* extensions */,
				3B8AA3DA2C1F3FA0008053C2 /* Preview Content */,
			);
			path = homework.38;
			sourceTree = "<group>";
		};
		3B8AA3DA2C1F3FA0008053C2 /* Preview Content */ = {
			isa = PBXGroup;
			children = (
				3B8AA3DB2C1F3FA0008053C2 /* Preview Assets.xcassets */,
			);
			path = "Preview Content";
			sourceTree = "<group>";
		};
		3B8AA4262C204118008053C2 /* MainPage */ = {
			isa = PBXGroup;
			children = (
				3B8AA4222C2028B0008053C2 /* MainPage.swift */,
				3B8AA4272C204130008053C2 /* TableView */,
			);
			path = MainPage;
			sourceTree = "<group>";
		};
		3B8AA4272C204130008053C2 /* TableView */ = {
			isa = PBXGroup;
			children = (
				3B8AA4242C203C0C008053C2 /* Coordinator.swift */,
				3B8AA4282C20413F008053C2 /* extensions + Cells */,
				3B8AA43A2C20A605008053C2 /* DynamicSize */,
			);
			path = TableView;
			sourceTree = "<group>";
		};
		3B8AA4282C20413F008053C2 /* extensions + Cells */ = {
			isa = PBXGroup;
			children = (
				3B8AA4292C204225008053C2 /* TableViewCell.swift */,
			);
			path = "extensions + Cells";
			sourceTree = "<group>";
		};
		3B8AA42B2C204469008053C2 /* ViewModel */ = {
			isa = PBXGroup;
			children = (
				3B8AA3E22C1F3FC0008053C2 /* ViewModel.swift */,
			);
			path = ViewModel;
			sourceTree = "<group>";
		};
		3B8AA42C2C20447C008053C2 /* Network Service */ = {
			isa = PBXGroup;
			children = (
				3B8AA3E62C1F9A2A008053C2 /* Networking.swift */,
			);
			path = "Network Service";
			sourceTree = "<group>";
		};
		3B8AA42D2C20448D008053C2 /* model */ = {
			isa = PBXGroup;
			children = (
				3B8AA3E42C1F9836008053C2 /* Model.swift */,
			);
			path = model;
			sourceTree = "<group>";
		};
		3B8AA42E2C20449C008053C2 /* extensions */ = {
			isa = PBXGroup;
			children = (
				3B8AA42F2C2044C9008053C2 /* imageExtension.swift */,
			);
			path = extensions;
			sourceTree = "<group>";
		};
		3B8AA4332C205B43008053C2 /* DetailsPage */ = {
			isa = PBXGroup;
			children = (
				3B8AA4312C205B3E008053C2 /* DetailsPageVC.swift */,
			);
			path = DetailsPage;
			sourceTree = "<group>";
		};
		3B8AA43A2C20A605008053C2 /* DynamicSize */ = {
			isa = PBXGroup;
			children = (
				3B8AA4362C209E5B008053C2 /* SwiftChangeText.swift */,
				3B8AA4382C20A209008053C2 /* sizeExtension.swift */,
			);
			path = DynamicSize;
			sourceTree = "<group>";
		};
/* End PBXGroup section */

/* Begin PBXNativeTarget section */
		3B8AA3D02C1F3F9F008053C2 /* homework.38 */ = {
			isa = PBXNativeTarget;
			buildConfigurationList = 3B8AA3DF2C1F3FA0008053C2 /* Build configuration list for PBXNativeTarget "homework.38" */;
			buildPhases = (
				3B8AA3CD2C1F3F9F008053C2 /* Sources */,
				3B8AA3CE2C1F3F9F008053C2 /* Frameworks */,
				3B8AA3CF2C1F3F9F008053C2 /* Resources */,
			);
			buildRules = (
			);
			dependencies = (
			);
			name = homework.38;
			packageProductDependencies = (
				3B8AA43F2C20C2AD008053C2 /* NetworkPackage */,
			);
			productName = homework.38;
			productReference = 3B8AA3D12C1F3F9F008053C2 /* homework.38.app */;
			productType = "com.apple.product-type.application";
		};
/* End PBXNativeTarget section */

/* Begin PBXProject section */
		3B8AA3C92C1F3F9F008053C2 /* Project object */ = {
			isa = PBXProject;
			attributes = {
				BuildIndependentTargetsInParallel = 1;
				LastSwiftUpdateCheck = 1540;
				LastUpgradeCheck = 1540;
				TargetAttributes = {
					3B8AA3D02C1F3F9F008053C2 = {
						CreatedOnToolsVersion = 15.4;
					};
				};
			};
			buildConfigurationList = 3B8AA3CC2C1F3F9F008053C2 /* Build configuration list for PBXProject "homework.38" */;
			compatibilityVersion = "Xcode 14.0";
			developmentRegion = en;
			hasScannedForEncodings = 0;
			knownRegions = (
				en,
				Base,
			);
			mainGroup = 3B8AA3C82C1F3F9F008053C2;
			packageReferences = (
				3B8AA43E2C20C2AD008053C2 /* XCRemoteSwiftPackageReference "NetworkPackage" */,
			);
			productRefGroup = 3B8AA3D22C1F3F9F008053C2 /* Products */;
			projectDirPath = "";
			projectRoot = "";
			targets = (
				3B8AA3D02C1F3F9F008053C2 /* homework.38 */,
			);
		};
/* End PBXProject section */

/* Begin PBXResourcesBuildPhase section */
		3B8AA3CF2C1F3F9F008053C2 /* Resources */ = {
			isa = PBXResourcesBuildPhase;
			buildActionMask = 2147483647;
			files = (
				3B8AA3DC2C1F3FA0008053C2 /* Preview Assets.xcassets in Resources */,
				3B8AA3D92C1F3FA0008053C2 /* Assets.xcassets in Resources */,
			);
			runOnlyForDeploymentPostprocessing = 0;
		};
/* End PBXResourcesBuildPhase section */

/* Begin PBXSourcesBuildPhase section */
		3B8AA3CD2C1F3F9F008053C2 /* Sources */ = {
			isa = PBXSourcesBuildPhase;
			buildActionMask = 2147483647;
			files = (
				3B8AA4302C2044C9008053C2 /* imageExtension.swift in Sources */,
				3B8AA3E72C1F9A2A008053C2 /* Networking.swift in Sources */,
				3B8AA42A2C204225008053C2 /* TableViewCell.swift in Sources */,
				3B8AA3D72C1F3F9F008053C2 /* ContentView.swift in Sources */,
				3B8AA3E32C1F3FC0008053C2 /* ViewModel.swift in Sources */,
				3B8AA4322C205B3E008053C2 /* DetailsPageVC.swift in Sources */,
				3B8AA3D52C1F3F9F008053C2 /* homework_38App.swift in Sources */,
				3B8AA3E52C1F9836008053C2 /* Model.swift in Sources */,
				3B8AA4232C2028B0008053C2 /* MainPage.swift in Sources */,
				3B8AA4252C203C0C008053C2 /* Coordinator.swift in Sources */,
				3B8AA4392C20A209008053C2 /* sizeExtension.swift in Sources */,
				3B8AA4372C209E5B008053C2 /* SwiftChangeText.swift in Sources */,
			);
			runOnlyForDeploymentPostprocessing = 0;
		};
/* End PBXSourcesBuildPhase section */

/* Begin XCBuildConfiguration section */
		3B8AA3DD2C1F3FA0008053C2 /* Debug */ = {
			isa = XCBuildConfiguration;
			buildSettings = {
				ALWAYS_SEARCH_USER_PATHS = NO;
				ASSETCATALOG_COMPILER_GENERATE_SWIFT_ASSET_SYMBOL_EXTENSIONS = YES;
				CLANG_ANALYZER_NONNULL = YES;
				CLANG_ANALYZER_NUMBER_OBJECT_CONVERSION = YES_AGGRESSIVE;
				CLANG_CXX_LANGUAGE_STANDARD = "gnu++20";
				CLANG_ENABLE_MODULES = YES;
				CLANG_ENABLE_OBJC_ARC = YES;
				CLANG_ENABLE_OBJC_WEAK = YES;
				CLANG_WARN_BLOCK_CAPTURE_AUTORELEASING = YES;
				CLANG_WARN_BOOL_CONVERSION = YES;
				CLANG_WARN_COMMA = YES;
				CLANG_WARN_CONSTANT_CONVERSION = YES;
				CLANG_WARN_DEPRECATED_OBJC_IMPLEMENTATIONS = YES;
				CLANG_WARN_DIRECT_OBJC_ISA_USAGE = YES_ERROR;
				CLANG_WARN_DOCUMENTATION_COMMENTS = YES;
				CLANG_WARN_EMPTY_BODY = YES;
				CLANG_WARN_ENUM_CONVERSION = YES;
				CLANG_WARN_INFINITE_RECURSION = YES;
				CLANG_WARN_INT_CONVERSION = YES;
				CLANG_WARN_NON_LITERAL_NULL_CONVERSION = YES;
				CLANG_WARN_OBJC_IMPLICIT_RETAIN_SELF = YES;
				CLANG_WARN_OBJC_LITERAL_CONVERSION = YES;
				CLANG_WARN_OBJC_ROOT_CLASS = YES_ERROR;
				CLANG_WARN_QUOTED_INCLUDE_IN_FRAMEWORK_HEADER = YES;
				CLANG_WARN_RANGE_LOOP_ANALYSIS = YES;
				CLANG_WARN_STRICT_PROTOTYPES = YES;
				CLANG_WARN_SUSPICIOUS_MOVE = YES;
				CLANG_WARN_UNGUARDED_AVAILABILITY = YES_AGGRESSIVE;
				CLANG_WARN_UNREACHABLE_CODE = YES;
				CLANG_WARN__DUPLICATE_METHOD_MATCH = YES;
				COPY_PHASE_STRIP = NO;
				DEBUG_INFORMATION_FORMAT = dwarf;
				ENABLE_STRICT_OBJC_MSGSEND = YES;
				ENABLE_TESTABILITY = YES;
				ENABLE_USER_SCRIPT_SANDBOXING = YES;
				GCC_C_LANGUAGE_STANDARD = gnu17;
				GCC_DYNAMIC_NO_PIC = NO;
				GCC_NO_COMMON_BLOCKS = YES;
				GCC_OPTIMIZATION_LEVEL = 0;
				GCC_PREPROCESSOR_DEFINITIONS = (
					"DEBUG=1",
					"$(inherited)",
				);
				GCC_WARN_64_TO_32_BIT_CONVERSION = YES;
				GCC_WARN_ABOUT_RETURN_TYPE = YES_ERROR;
				GCC_WARN_UNDECLARED_SELECTOR = YES;
				GCC_WARN_UNINITIALIZED_AUTOS = YES_AGGRESSIVE;
				GCC_WARN_UNUSED_FUNCTION = YES;
				GCC_WARN_UNUSED_VARIABLE = YES;
				IPHONEOS_DEPLOYMENT_TARGET = 17.5;
				LOCALIZATION_PREFERS_STRING_CATALOGS = YES;
				MTL_ENABLE_DEBUG_INFO = INCLUDE_SOURCE;
				MTL_FAST_MATH = YES;
				ONLY_ACTIVE_ARCH = YES;
				SDKROOT = iphoneos;
				SWIFT_ACTIVE_COMPILATION_CONDITIONS = "DEBUG $(inherited)";
				SWIFT_OPTIMIZATION_LEVEL = "-Onone";
			};
			name = Debug;
		};
		3B8AA3DE2C1F3FA0008053C2 /* Release */ = {
			isa = XCBuildConfiguration;
			buildSettings = {
				ALWAYS_SEARCH_USER_PATHS = NO;
				ASSETCATALOG_COMPILER_GENERATE_SWIFT_ASSET_SYMBOL_EXTENSIONS = YES;
				CLANG_ANALYZER_NONNULL = YES;
				CLANG_ANALYZER_NUMBER_OBJECT_CONVERSION = YES_AGGRESSIVE;
				CLANG_CXX_LANGUAGE_STANDARD = "gnu++20";
				CLANG_ENABLE_MODULES = YES;
				CLANG_ENABLE_OBJC_ARC = YES;
				CLANG_ENABLE_OBJC_WEAK = YES;
				CLANG_WARN_BLOCK_CAPTURE_AUTORELEASING = YES;
				CLANG_WARN_BOOL_CONVERSION = YES;
				CLANG_WARN_COMMA = YES;
				CLANG_WARN_CONSTANT_CONVERSION = YES;
				CLANG_WARN_DEPRECATED_OBJC_IMPLEMENTATIONS = YES;
				CLANG_WARN_DIRECT_OBJC_ISA_USAGE = YES_ERROR;
				CLANG_WARN_DOCUMENTATION_COMMENTS = YES;
				CLANG_WARN_EMPTY_BODY = YES;
				CLANG_WARN_ENUM_CONVERSION = YES;
				CLANG_WARN_INFINITE_RECURSION = YES;
				CLANG_WARN_INT_CONVERSION = YES;
				CLANG_WARN_NON_LITERAL_NULL_CONVERSION = YES;
				CLANG_WARN_OBJC_IMPLICIT_RETAIN_SELF = YES;
				CLANG_WARN_OBJC_LITERAL_CONVERSION = YES;
				CLANG_WARN_OBJC_ROOT_CLASS = YES_ERROR;
				CLANG_WARN_QUOTED_INCLUDE_IN_FRAMEWORK_HEADER = YES;
				CLANG_WARN_RANGE_LOOP_ANALYSIS = YES;
				CLANG_WARN_STRICT_PROTOTYPES = YES;
				CLANG_WARN_SUSPICIOUS_MOVE = YES;
				CLANG_WARN_UNGUARDED_AVAILABILITY = YES_AGGRESSIVE;
				CLANG_WARN_UNREACHABLE_CODE = YES;
				CLANG_WARN__DUPLICATE_METHOD_MATCH = YES;
				COPY_PHASE_STRIP = NO;
				DEBUG_INFORMATION_FORMAT = "dwarf-with-dsym";
				ENABLE_NS_ASSERTIONS = NO;
				ENABLE_STRICT_OBJC_MSGSEND = YES;
				ENABLE_USER_SCRIPT_SANDBOXING = YES;
				GCC_C_LANGUAGE_STANDARD = gnu17;
				GCC_NO_COMMON_BLOCKS = YES;
				GCC_WARN_64_TO_32_BIT_CONVERSION = YES;
				GCC_WARN_ABOUT_RETURN_TYPE = YES_ERROR;
				GCC_WARN_UNDECLARED_SELECTOR = YES;
				GCC_WARN_UNINITIALIZED_AUTOS = YES_AGGRESSIVE;
				GCC_WARN_UNUSED_FUNCTION = YES;
				GCC_WARN_UNUSED_VARIABLE = YES;
				IPHONEOS_DEPLOYMENT_TARGET = 17.5;
				LOCALIZATION_PREFERS_STRING_CATALOGS = YES;
				MTL_ENABLE_DEBUG_INFO = NO;
				MTL_FAST_MATH = YES;
				SDKROOT = iphoneos;
				SWIFT_COMPILATION_MODE = wholemodule;
				VALIDATE_PRODUCT = YES;
			};
			name = Release;
		};
		3B8AA3E02C1F3FA0008053C2 /* Debug */ = {
			isa = XCBuildConfiguration;
			buildSettings = {
				ASSETCATALOG_COMPILER_APPICON_NAME = AppIcon;
				ASSETCATALOG_COMPILER_GLOBAL_ACCENT_COLOR_NAME = AccentColor;
				CODE_SIGN_STYLE = Automatic;
				CURRENT_PROJECT_VERSION = 1;
				DEVELOPMENT_ASSET_PATHS = "\"homework.38/Preview Content\"";
				ENABLE_PREVIEWS = YES;
				GENERATE_INFOPLIST_FILE = YES;
				INFOPLIST_KEY_UIApplicationSceneManifest_Generation = YES;
				INFOPLIST_KEY_UIApplicationSupportsIndirectInputEvents = YES;
				INFOPLIST_KEY_UILaunchScreen_Generation = YES;
				INFOPLIST_KEY_UISupportedInterfaceOrientations_iPad = "UIInterfaceOrientationPortrait UIInterfaceOrientationPortraitUpsideDown UIInterfaceOrientationLandscapeLeft UIInterfaceOrientationLandscapeRight";
				INFOPLIST_KEY_UISupportedInterfaceOrientations_iPhone = "UIInterfaceOrientationPortrait UIInterfaceOrientationLandscapeLeft UIInterfaceOrientationLandscapeRight";
				LD_RUNPATH_SEARCH_PATHS = (
					"$(inherited)",
					"@executable_path/Frameworks",
				);
				MARKETING_VERSION = 1.0;
				PRODUCT_BUNDLE_IDENTIFIER = "com.vano-s.homework-38";
				PRODUCT_NAME = "$(TARGET_NAME)";
				SWIFT_EMIT_LOC_STRINGS = YES;
				SWIFT_VERSION = 5.0;
				TARGETED_DEVICE_FAMILY = "1,2";
			};
			name = Debug;
		};
		3B8AA3E12C1F3FA0008053C2 /* Release */ = {
			isa = XCBuildConfiguration;
			buildSettings = {
				ASSETCATALOG_COMPILER_APPICON_NAME = AppIcon;
				ASSETCATALOG_COMPILER_GLOBAL_ACCENT_COLOR_NAME = AccentColor;
				CODE_SIGN_STYLE = Automatic;
				CURRENT_PROJECT_VERSION = 1;
				DEVELOPMENT_ASSET_PATHS = "\"homework.38/Preview Content\"";
				ENABLE_PREVIEWS = YES;
				GENERATE_INFOPLIST_FILE = YES;
				INFOPLIST_KEY_UIApplicationSceneManifest_Generation = YES;
				INFOPLIST_KEY_UIApplicationSupportsIndirectInputEvents = YES;
				INFOPLIST_KEY_UILaunchScreen_Generation = YES;
				INFOPLIST_KEY_UISupportedInterfaceOrientations_iPad = "UIInterfaceOrientationPortrait UIInterfaceOrientationPortraitUpsideDown UIInterfaceOrientationLandscapeLeft UIInterfaceOrientationLandscapeRight";
				INFOPLIST_KEY_UISupportedInterfaceOrientations_iPhone = "UIInterfaceOrientationPortrait UIInterfaceOrientationLandscapeLeft UIInterfaceOrientationLandscapeRight";
				LD_RUNPATH_SEARCH_PATHS = (
					"$(inherited)",
					"@executable_path/Frameworks",
				);
				MARKETING_VERSION = 1.0;
				PRODUCT_BUNDLE_IDENTIFIER = "com.vano-s.homework-38";
				PRODUCT_NAME = "$(TARGET_NAME)";
				SWIFT_EMIT_LOC_STRINGS = YES;
				SWIFT_VERSION = 5.0;
				TARGETED_DEVICE_FAMILY = "1,2";
			};
			name = Release;
		};
/* End XCBuildConfiguration section */

/* Begin XCConfigurationList section */
		3B8AA3CC2C1F3F9F008053C2 /* Build configuration list for PBXProject "homework.38" */ = {
			isa = XCConfigurationList;
			buildConfigurations = (
				3B8AA3DD2C1F3FA0008053C2 /* Debug */,
				3B8AA3DE2C1F3FA0008053C2 /* Release */,
			);
			defaultConfigurationIsVisible = 0;
			defaultConfigurationName = Release;
		};
		3B8AA3DF2C1F3FA0008053C2 /* Build configuration list for PBXNativeTarget "homework.38" */ = {
			isa = XCConfigurationList;
			buildConfigurations = (
				3B8AA3E02C1F3FA0008053C2 /* Debug */,
				3B8AA3E12C1F3FA0008053C2 /* Release */,
			);
			defaultConfigurationIsVisible = 0;
			defaultConfigurationName = Release;
		};
/* End XCConfigurationList section */

/* Begin XCRemoteSwiftPackageReference section */
		3B8AA43E2C20C2AD008053C2 /* XCRemoteSwiftPackageReference "NetworkPackage" */ = {
			isa = XCRemoteSwiftPackageReference;
			repositoryURL = "https://github.com/Tornike222/NetworkPackage.git";
			requirement = {
				branch = V1.1.0;
				kind = branch;
			};
		};
/* End XCRemoteSwiftPackageReference section */

/* Begin XCSwiftPackageProductDependency section */
		3B8AA43F2C20C2AD008053C2 /* NetworkPackage */ = {
			isa = XCSwiftPackageProductDependency;
			package = 3B8AA43E2C20C2AD008053C2 /* XCRemoteSwiftPackageReference "NetworkPackage" */;
			productName = NetworkPackage;
		};
/* End XCSwiftPackageProductDependency section */
	};
	rootObject = 3B8AA3C92C1F3F9F008053C2 /* Project object */;
}
