// !$*UTF8*$!
{
	archiveVersion = 1;
	classes = {
	};
	objectVersion = 56;
	objects = {

/* Begin PBXBuildFile section */
		3BE999512C00C23B0074974E /* homework29App.swift in Sources */ = {isa = PBXBuildFile; fileRef = 3BE999502C00C23B0074974E /* homework29App.swift */; };
		3BE999532C00C23B0074974E /* ContentView.swift in Sources */ = {isa = PBXBuildFile; fileRef = 3BE999522C00C23B0074974E /* ContentView.swift */; };
		3BE999552C00C23D0074974E /* Assets.xcassets in Resources */ = {isa = PBXBuildFile; fileRef = 3BE999542C00C23D0074974E /* Assets.xcassets */; };
		3BE999582C00C23D0074974E /* Preview Assets.xcassets in Resources */ = {isa = PBXBuildFile; fileRef = 3BE999572C00C23D0074974E /* Preview Assets.xcassets */; };
		3BE9995F2C00C25F0074974E /* model.swift in Sources */ = {isa = PBXBuildFile; fileRef = 3BE9995E2C00C25F0074974E /* model.swift */; };
		3BE999622C00D94F0074974E /* list.swift in Sources */ = {isa = PBXBuildFile; fileRef = 3BE999612C00D94F0074974E /* list.swift */; };
		3BE999642C0142BD0074974E /* color extension.swift in Sources */ = {isa = PBXBuildFile; fileRef = 3BE999632C0142BD0074974E /* color extension.swift */; };
		3BE999672C0161AC0074974E /* progressBar.swift in Sources */ = {isa = PBXBuildFile; fileRef = 3BE999662C0161AC0074974E /* progressBar.swift */; };
/* End PBXBuildFile section */

/* Begin PBXFileReference section */
		3BE9994D2C00C23B0074974E /* homework29.app */ = {isa = PBXFileReference; explicitFileType = wrapper.application; includeInIndex = 0; path = homework29.app; sourceTree = BUILT_PRODUCTS_DIR; };
		3BE999502C00C23B0074974E /* homework29App.swift */ = {isa = PBXFileReference; lastKnownFileType = sourcecode.swift; path = homework29App.swift; sourceTree = "<group>"; };
		3BE999522C00C23B0074974E /* ContentView.swift */ = {isa = PBXFileReference; lastKnownFileType = sourcecode.swift; path = ContentView.swift; sourceTree = "<group>"; };
		3BE999542C00C23D0074974E /* Assets.xcassets */ = {isa = PBXFileReference; lastKnownFileType = folder.assetcatalog; path = Assets.xcassets; sourceTree = "<group>"; };
		3BE999572C00C23D0074974E /* Preview Assets.xcassets */ = {isa = PBXFileReference; lastKnownFileType = folder.assetcatalog; path = "Preview Assets.xcassets"; sourceTree = "<group>"; };
		3BE9995E2C00C25F0074974E /* model.swift */ = {isa = PBXFileReference; lastKnownFileType = sourcecode.swift; path = model.swift; sourceTree = "<group>"; };
		3BE999612C00D94F0074974E /* list.swift */ = {isa = PBXFileReference; lastKnownFileType = sourcecode.swift; path = list.swift; sourceTree = "<group>"; };
		3BE999632C0142BD0074974E /* color extension.swift */ = {isa = PBXFileReference; lastKnownFileType = sourcecode.swift; path = "color extension.swift"; sourceTree = "<group>"; };
		3BE999662C0161AC0074974E /* progressBar.swift */ = {isa = PBXFileReference; lastKnownFileType = sourcecode.swift; path = progressBar.swift; sourceTree = "<group>"; };
/* End PBXFileReference section */

/* Begin PBXFrameworksBuildPhase section */
		3BE9994A2C00C23B0074974E /* Frameworks */ = {
			isa = PBXFrameworksBuildPhase;
			buildActionMask = 2147483647;
			files = (
			);
			runOnlyForDeploymentPostprocessing = 0;
		};
/* End PBXFrameworksBuildPhase section */

/* Begin PBXGroup section */
		3BE999442C00C23B0074974E = {
			isa = PBXGroup;
			children = (
				3BE9994F2C00C23B0074974E /* homework29 */,
				3BE9994E2C00C23B0074974E /* Products */,
			);
			sourceTree = "<group>";
		};
		3BE9994E2C00C23B0074974E /* Products */ = {
			isa = PBXGroup;
			children = (
				3BE9994D2C00C23B0074974E /* homework29.app */,
			);
			name = Products;
			sourceTree = "<group>";
		};
		3BE9994F2C00C23B0074974E /* homework29 */ = {
			isa = PBXGroup;
			children = (
				3BE999502C00C23B0074974E /* homework29App.swift */,
				3BE999522C00C23B0074974E /* ContentView.swift */,
				3BE999612C00D94F0074974E /* list.swift */,
				3BE999662C0161AC0074974E /* progressBar.swift */,
				3BE999602C00C2650074974E /* model */,
				3BE999542C00C23D0074974E /* Assets.xcassets */,
				3BE999652C0142D00074974E /* color  */,
				3BE999562C00C23D0074974E /* Preview Content */,
			);
			path = homework29;
			sourceTree = "<group>";
		};
		3BE999562C00C23D0074974E /* Preview Content */ = {
			isa = PBXGroup;
			children = (
				3BE999572C00C23D0074974E /* Preview Assets.xcassets */,
			);
			path = "Preview Content";
			sourceTree = "<group>";
		};
		3BE999602C00C2650074974E /* model */ = {
			isa = PBXGroup;
			children = (
				3BE9995E2C00C25F0074974E /* model.swift */,
			);
			path = model;
			sourceTree = "<group>";
		};
		3BE999652C0142D00074974E /* color  */ = {
			isa = PBXGroup;
			children = (
				3BE999632C0142BD0074974E /* color extension.swift */,
			);
			path = "color ";
			sourceTree = "<group>";
		};
/* End PBXGroup section */

/* Begin PBXNativeTarget section */
		3BE9994C2C00C23B0074974E /* homework29 */ = {
			isa = PBXNativeTarget;
			buildConfigurationList = 3BE9995B2C00C23D0074974E /* Build configuration list for PBXNativeTarget "homework29" */;
			buildPhases = (
				3BE999492C00C23B0074974E /* Sources */,
				3BE9994A2C00C23B0074974E /* Frameworks */,
				3BE9994B2C00C23B0074974E /* Resources */,
			);
			buildRules = (
			);
			dependencies = (
			);
			name = homework29;
			productName = homework29;
			productReference = 3BE9994D2C00C23B0074974E /* homework29.app */;
			productType = "com.apple.product-type.application";
		};
/* End PBXNativeTarget section */

/* Begin PBXProject section */
		3BE999452C00C23B0074974E /* Project object */ = {
			isa = PBXProject;
			attributes = {
				BuildIndependentTargetsInParallel = 1;
				LastSwiftUpdateCheck = 1530;
				LastUpgradeCheck = 1530;
				TargetAttributes = {
					3BE9994C2C00C23B0074974E = {
						CreatedOnToolsVersion = 15.3;
					};
				};
			};
			buildConfigurationList = 3BE999482C00C23B0074974E /* Build configuration list for PBXProject "homework29" */;
			compatibilityVersion = "Xcode 14.0";
			developmentRegion = en;
			hasScannedForEncodings = 0;
			knownRegions = (
				en,
				Base,
			);
			mainGroup = 3BE999442C00C23B0074974E;
			productRefGroup = 3BE9994E2C00C23B0074974E /* Products */;
			projectDirPath = "";
			projectRoot = "";
			targets = (
				3BE9994C2C00C23B0074974E /* homework29 */,
			);
		};
/* End PBXProject section */

/* Begin PBXResourcesBuildPhase section */
		3BE9994B2C00C23B0074974E /* Resources */ = {
			isa = PBXResourcesBuildPhase;
			buildActionMask = 2147483647;
			files = (
				3BE999582C00C23D0074974E /* Preview Assets.xcassets in Resources */,
				3BE999552C00C23D0074974E /* Assets.xcassets in Resources */,
			);
			runOnlyForDeploymentPostprocessing = 0;
		};
/* End PBXResourcesBuildPhase section */

/* Begin PBXSourcesBuildPhase section */
		3BE999492C00C23B0074974E /* Sources */ = {
			isa = PBXSourcesBuildPhase;
			buildActionMask = 2147483647;
			files = (
				3BE999532C00C23B0074974E /* ContentView.swift in Sources */,
				3BE999622C00D94F0074974E /* list.swift in Sources */,
				3BE999672C0161AC0074974E /* progressBar.swift in Sources */,
				3BE999642C0142BD0074974E /* color extension.swift in Sources */,
				3BE9995F2C00C25F0074974E /* model.swift in Sources */,
				3BE999512C00C23B0074974E /* homework29App.swift in Sources */,
			);
			runOnlyForDeploymentPostprocessing = 0;
		};
/* End PBXSourcesBuildPhase section */

/* Begin XCBuildConfiguration section */
		3BE999592C00C23D0074974E /* Debug */ = {
			isa = XCBuildConfiguration;
			buildSettings = {
				ALWAYS_SEARCH_USER_PATHS = NO;
				ASSETCATALOG_COMPILER_GENERATE_SWIFT_ASSET_SYMBOL_EXTENSIONS = YES;
				CLANG_ANALYZER_NONNULL = YES;
				CLANG_ANALYZER_NUMBER_OBJECT_CONVERSION = YES_AGGRESSIVE;
				CLANG_CXX_LANGUAGE_STANDARD = "gnu++20";
				CLANG_ENABLE_MODULES = YES;
				CLANG_ENABLE_OBJC_ARC = YES;
				CLANG_ENABLE_OBJC_WEAK = YES;
				CLANG_WARN_BLOCK_CAPTURE_AUTORELEASING = YES;
				CLANG_WARN_BOOL_CONVERSION = YES;
				CLANG_WARN_COMMA = YES;
				CLANG_WARN_CONSTANT_CONVERSION = YES;
				CLANG_WARN_DEPRECATED_OBJC_IMPLEMENTATIONS = YES;
				CLANG_WARN_DIRECT_OBJC_ISA_USAGE = YES_ERROR;
				CLANG_WARN_DOCUMENTATION_COMMENTS = YES;
				CLANG_WARN_EMPTY_BODY = YES;
				CLANG_WARN_ENUM_CONVERSION = YES;
				CLANG_WARN_INFINITE_RECURSION = YES;
				CLANG_WARN_INT_CONVERSION = YES;
				CLANG_WARN_NON_LITERAL_NULL_CONVERSION = YES;
				CLANG_WARN_OBJC_IMPLICIT_RETAIN_SELF = YES;
				CLANG_WARN_OBJC_LITERAL_CONVERSION = YES;
				CLANG_WARN_OBJC_ROOT_CLASS = YES_ERROR;
				CLANG_WARN_QUOTED_INCLUDE_IN_FRAMEWORK_HEADER = YES;
				CLANG_WARN_RANGE_LOOP_ANALYSIS = YES;
				CLANG_WARN_STRICT_PROTOTYPES = YES;
				CLANG_WARN_SUSPICIOUS_MOVE = YES;
				CLANG_WARN_UNGUARDED_AVAILABILITY = YES_AGGRESSIVE;
				CLANG_WARN_UNREACHABLE_CODE = YES;
				CLANG_WARN__DUPLICATE_METHOD_MATCH = YES;
				COPY_PHASE_STRIP = NO;
				DEBUG_INFORMATION_FORMAT = dwarf;
				ENABLE_STRICT_OBJC_MSGSEND = YES;
				ENABLE_TESTABILITY = YES;
				ENABLE_USER_SCRIPT_SANDBOXING = YES;
				GCC_C_LANGUAGE_STANDARD = gnu17;
				GCC_DYNAMIC_NO_PIC = NO;
				GCC_NO_COMMON_BLOCKS = YES;
				GCC_OPTIMIZATION_LEVEL = 0;
				GCC_PREPROCESSOR_DEFINITIONS = (
					"DEBUG=1",
					"$(inherited)",
				);
				GCC_WARN_64_TO_32_BIT_CONVERSION = YES;
				GCC_WARN_ABOUT_RETURN_TYPE = YES_ERROR;
				GCC_WARN_UNDECLARED_SELECTOR = YES;
				GCC_WARN_UNINITIALIZED_AUTOS = YES_AGGRESSIVE;
				GCC_WARN_UNUSED_FUNCTION = YES;
				GCC_WARN_UNUSED_VARIABLE = YES;
				IPHONEOS_DEPLOYMENT_TARGET = 17.4;
				LOCALIZATION_PREFERS_STRING_CATALOGS = YES;
				MTL_ENABLE_DEBUG_INFO = INCLUDE_SOURCE;
				MTL_FAST_MATH = YES;
				ONLY_ACTIVE_ARCH = YES;
				SDKROOT = iphoneos;
				SWIFT_ACTIVE_COMPILATION_CONDITIONS = "DEBUG $(inherited)";
				SWIFT_OPTIMIZATION_LEVEL = "-Onone";
			};
			name = Debug;
		};
		3BE9995A2C00C23D0074974E /* Release */ = {
			isa = XCBuildConfiguration;
			buildSettings = {
				ALWAYS_SEARCH_USER_PATHS = NO;
				ASSETCATALOG_COMPILER_GENERATE_SWIFT_ASSET_SYMBOL_EXTENSIONS = YES;
				CLANG_ANALYZER_NONNULL = YES;
				CLANG_ANALYZER_NUMBER_OBJECT_CONVERSION = YES_AGGRESSIVE;
				CLANG_CXX_LANGUAGE_STANDARD = "gnu++20";
				CLANG_ENABLE_MODULES = YES;
				CLANG_ENABLE_OBJC_ARC = YES;
				CLANG_ENABLE_OBJC_WEAK = YES;
				CLANG_WARN_BLOCK_CAPTURE_AUTORELEASING = YES;
				CLANG_WARN_BOOL_CONVERSION = YES;
				CLANG_WARN_COMMA = YES;
				CLANG_WARN_CONSTANT_CONVERSION = YES;
				CLANG_WARN_DEPRECATED_OBJC_IMPLEMENTATIONS = YES;
				CLANG_WARN_DIRECT_OBJC_ISA_USAGE = YES_ERROR;
				CLANG_WARN_DOCUMENTATION_COMMENTS = YES;
				CLANG_WARN_EMPTY_BODY = YES;
				CLANG_WARN_ENUM_CONVERSION = YES;
				CLANG_WARN_INFINITE_RECURSION = YES;
				CLANG_WARN_INT_CONVERSION = YES;
				CLANG_WARN_NON_LITERAL_NULL_CONVERSION = YES;
				CLANG_WARN_OBJC_IMPLICIT_RETAIN_SELF = YES;
				CLANG_WARN_OBJC_LITERAL_CONVERSION = YES;
				CLANG_WARN_OBJC_ROOT_CLASS = YES_ERROR;
				CLANG_WARN_QUOTED_INCLUDE_IN_FRAMEWORK_HEADER = YES;
				CLANG_WARN_RANGE_LOOP_ANALYSIS = YES;
				CLANG_WARN_STRICT_PROTOTYPES = YES;
				CLANG_WARN_SUSPICIOUS_MOVE = YES;
				CLANG_WARN_UNGUARDED_AVAILABILITY = YES_AGGRESSIVE;
				CLANG_WARN_UNREACHABLE_CODE = YES;
				CLANG_WARN__DUPLICATE_METHOD_MATCH = YES;
				COPY_PHASE_STRIP = NO;
				DEBUG_INFORMATION_FORMAT = "dwarf-with-dsym";
				ENABLE_NS_ASSERTIONS = NO;
				ENABLE_STRICT_OBJC_MSGSEND = YES;
				ENABLE_USER_SCRIPT_SANDBOXING = YES;
				GCC_C_LANGUAGE_STANDARD = gnu17;
				GCC_NO_COMMON_BLOCKS = YES;
				GCC_WARN_64_TO_32_BIT_CONVERSION = YES;
				GCC_WARN_ABOUT_RETURN_TYPE = YES_ERROR;
				GCC_WARN_UNDECLARED_SELECTOR = YES;
				GCC_WARN_UNINITIALIZED_AUTOS = YES_AGGRESSIVE;
				GCC_WARN_UNUSED_FUNCTION = YES;
				GCC_WARN_UNUSED_VARIABLE = YES;
				IPHONEOS_DEPLOYMENT_TARGET = 17.4;
				LOCALIZATION_PREFERS_STRING_CATALOGS = YES;
				MTL_ENABLE_DEBUG_INFO = NO;
				MTL_FAST_MATH = YES;
				SDKROOT = iphoneos;
				SWIFT_COMPILATION_MODE = wholemodule;
				VALIDATE_PRODUCT = YES;
			};
			name = Release;
		};
		3BE9995C2C00C23D0074974E /* Debug */ = {
			isa = XCBuildConfiguration;
			buildSettings = {
				ASSETCATALOG_COMPILER_APPICON_NAME = AppIcon;
				ASSETCATALOG_COMPILER_GLOBAL_ACCENT_COLOR_NAME = AccentColor;
				CODE_SIGN_STYLE = Automatic;
				CURRENT_PROJECT_VERSION = 1;
				DEVELOPMENT_ASSET_PATHS = "\"homework29/Preview Content\"";
				ENABLE_PREVIEWS = YES;
				GENERATE_INFOPLIST_FILE = YES;
				INFOPLIST_KEY_UIApplicationSceneManifest_Generation = YES;
				INFOPLIST_KEY_UIApplicationSupportsIndirectInputEvents = YES;
				INFOPLIST_KEY_UILaunchScreen_Generation = YES;
				INFOPLIST_KEY_UISupportedInterfaceOrientations_iPad = "UIInterfaceOrientationPortrait UIInterfaceOrientationPortraitUpsideDown UIInterfaceOrientationLandscapeLeft UIInterfaceOrientationLandscapeRight";
				INFOPLIST_KEY_UISupportedInterfaceOrientations_iPhone = "UIInterfaceOrientationPortrait UIInterfaceOrientationLandscapeLeft UIInterfaceOrientationLandscapeRight";
				LD_RUNPATH_SEARCH_PATHS = (
					"$(inherited)",
					"@executable_path/Frameworks",
				);
				MARKETING_VERSION = 1.0;
				PRODUCT_BUNDLE_IDENTIFIER = "com.vano-s.homework29";
				PRODUCT_NAME = "$(TARGET_NAME)";
				SWIFT_EMIT_LOC_STRINGS = YES;
				SWIFT_VERSION = 5.0;
				TARGETED_DEVICE_FAMILY = "1,2";
			};
			name = Debug;
		};
		3BE9995D2C00C23D0074974E /* Release */ = {
			isa = XCBuildConfiguration;
			buildSettings = {
				ASSETCATALOG_COMPILER_APPICON_NAME = AppIcon;
				ASSETCATALOG_COMPILER_GLOBAL_ACCENT_COLOR_NAME = AccentColor;
				CODE_SIGN_STYLE = Automatic;
				CURRENT_PROJECT_VERSION = 1;
				DEVELOPMENT_ASSET_PATHS = "\"homework29/Preview Content\"";
				ENABLE_PREVIEWS = YES;
				GENERATE_INFOPLIST_FILE = YES;
				INFOPLIST_KEY_UIApplicationSceneManifest_Generation = YES;
				INFOPLIST_KEY_UIApplicationSupportsIndirectInputEvents = YES;
				INFOPLIST_KEY_UILaunchScreen_Generation = YES;
				INFOPLIST_KEY_UISupportedInterfaceOrientations_iPad = "UIInterfaceOrientationPortrait UIInterfaceOrientationPortraitUpsideDown UIInterfaceOrientationLandscapeLeft UIInterfaceOrientationLandscapeRight";
				INFOPLIST_KEY_UISupportedInterfaceOrientations_iPhone = "UIInterfaceOrientationPortrait UIInterfaceOrientationLandscapeLeft UIInterfaceOrientationLandscapeRight";
				LD_RUNPATH_SEARCH_PATHS = (
					"$(inherited)",
					"@executable_path/Frameworks",
				);
				MARKETING_VERSION = 1.0;
				PRODUCT_BUNDLE_IDENTIFIER = "com.vano-s.homework29";
				PRODUCT_NAME = "$(TARGET_NAME)";
				SWIFT_EMIT_LOC_STRINGS = YES;
				SWIFT_VERSION = 5.0;
				TARGETED_DEVICE_FAMILY = "1,2";
			};
			name = Release;
		};
/* End XCBuildConfiguration section */

/* Begin XCConfigurationList section */
		3BE999482C00C23B0074974E /* Build configuration list for PBXProject "homework29" */ = {
			isa = XCConfigurationList;
			buildConfigurations = (
				3BE999592C00C23D0074974E /* Debug */,
				3BE9995A2C00C23D0074974E /* Release */,
			);
			defaultConfigurationIsVisible = 0;
			defaultConfigurationName = Release;
		};
		3BE9995B2C00C23D0074974E /* Build configuration list for PBXNativeTarget "homework29" */ = {
			isa = XCConfigurationList;
			buildConfigurations = (
				3BE9995C2C00C23D0074974E /* Debug */,
				3BE9995D2C00C23D0074974E /* Release */,
			);
			defaultConfigurationIsVisible = 0;
			defaultConfigurationName = Release;
		};
/* End XCConfigurationList section */
	};
	rootObject = 3BE999452C00C23B0074974E /* Project object */;
}
